
Microsoft Visual Studio Solution File, Format Version 12.00
# Visual Studio 2012
Project("{FAE04EC0-301F-11D3-BF4B-00C04F79EFBC}") = "TwitterBioGenerator.Web", "TwitterBioGenerator.Web\TwitterBioGenerator.Web.csproj", "{B832FF49-EBAF-4917-97EF-6197329825F4}"
EndProject
Global
	GlobalSection(SolutionConfigurationPlatforms) = preSolution
		Debug|Any CPU = Debug|Any CPU
		Release|Any CPU = Release|Any CPU
	EndGlobalSection
	GlobalSection(ProjectConfigurationPlatforms) = postSolution
		{B832FF49-EBAF-4917-97EF-6197329825F4}.Debug|Any CPU.ActiveCfg = Debug|Any CPU
		{B832FF49-EBAF-4917-97EF-6197329825F4}.Debug|Any CPU.Build.0 = Debug|Any CPU
		{B832FF49-EBAF-4917-97EF-6197329825F4}.Release|Any CPU.ActiveCfg = Release|Any CPU
		{B832FF49-EBAF-4917-97EF-6197329825F4}.Release|Any CPU.Build.0 = Release|Any CPU
	EndGlobalSection
	GlobalSection(SolutionProperties) = preSolution
		HideSolutionNode = FALSE
	EndGlobalSection
EndGlobal
